
Microsoft Visual Studio Solution File, Format Version 12.00
# Visual Studio Version 17
VisualStudioVersion = 17.8.34511.84
MinimumVisualStudioVersion = 10.0.40219.1
Project("{FAE04EC0-301F-11D3-BF4B-00C04F79EFBC}") = "MarketOtomasyonu", "MarketOtomasyonu\MarketOtomasyonu.csproj", "{33EF82EE-5598-4381-BDE4-04F30AED95DC}"
EndProject
Global
	GlobalSection(SolutionConfigurationPlatforms) = preSolution
		Debug|Any CPU = Debug|Any CPU
		Release|Any CPU = Release|Any CPU
	EndGlobalSection
	GlobalSection(ProjectConfigurationPlatforms) = postSolution
		{33EF82EE-5598-4381-BDE4-04F30AED95DC}.Debug|Any CPU.ActiveCfg = Debug|Any CPU
		{33EF82EE-5598-4381-BDE4-04F30AED95DC}.Debug|Any CPU.Build.0 = Debug|Any CPU
		{33EF82EE-5598-4381-BDE4-04F30AED95DC}.Release|Any CPU.ActiveCfg = Release|Any CPU
		{33EF82EE-5598-4381-BDE4-04F30AED95DC}.Release|Any CPU.Build.0 = Release|Any CPU
	EndGlobalSection
	GlobalSection(SolutionProperties) = preSolution
		HideSolutionNode = FALSE
	EndGlobalSection
	GlobalSection(ExtensibilityGlobals) = postSolution
		SolutionGuid = {B8B2E435-239E-44DD-8AA9-040A75F19A5B}
	EndGlobalSection
EndGlobal
